{
  "requires": true,
  "lockfileVersion": 1,
  "dependencies": {
    "@claviska/jquery-minicolors": {
      "version": "2.3.5",
      "resolved": "https://registry.npmjs.org/@claviska/jquery-minicolors/-/jquery-minicolors-2.3.5.tgz",
      "integrity": "sha512-LpiN8hyqRPYB2tEzFD4lI54GxKHQXhzrJMnKnsumElYxjkjbdAPmiIm+1k/Mkfn92HepL7t9uaK5iQSFP/19aw=="
    }
  }
}
